// !$*UTF8*$!
{
	archiveVersion = 1;
	classes = {
	};
	objectVersion = 48;
	objects = {

/* Begin PBXBuildFile section */
		5D84DD26B41F060D97EF679D /* Pods_Explore_Reactive_Programming.framework in Frameworks */ = {isa = PBXBuildFile; fileRef = 44B2D296B487B896765A2DFD /* Pods_Explore_Reactive_Programming.framework */; };
		8057E48D1FEE17F70010958C /* AppDelegate.swift in Sources */ = {isa = PBXBuildFile; fileRef = 8057E48C1FEE17F70010958C /* AppDelegate.swift */; };
		8057E48F1FEE17F70010958C /* ViewController.swift in Sources */ = {isa = PBXBuildFile; fileRef = 8057E48E1FEE17F70010958C /* ViewController.swift */; };
		8057E4921FEE17F70010958C /* Main.storyboard in Resources */ = {isa = PBXBuildFile; fileRef = 8057E4901FEE17F70010958C /* Main.storyboard */; };
		8057E4941FEE17F70010958C /* Assets.xcassets in Resources */ = {isa = PBXBuildFile; fileRef = 8057E4931FEE17F70010958C /* Assets.xcassets */; };
		8057E4971FEE17F70010958C /* LaunchScreen.storyboard in Resources */ = {isa = PBXBuildFile; fileRef = 8057E4951FEE17F70010958C /* LaunchScreen.storyboard */; };
/* End PBXBuildFile section */

/* Begin PBXFileReference section */
		44B2D296B487B896765A2DFD /* Pods_Explore_Reactive_Programming.framework */ = {isa = PBXFileReference; explicitFileType = wrapper.framework; includeInIndex = 0; path = Pods_Explore_Reactive_Programming.framework; sourceTree = BUILT_PRODUCTS_DIR; };
		8057E4891FEE17F70010958C /* Explore_Reactive_Programming.app */ = {isa = PBXFileReference; explicitFileType = wrapper.application; includeInIndex = 0; path = Explore_Reactive_Programming.app; sourceTree = BUILT_PRODUCTS_DIR; };
		8057E48C1FEE17F70010958C /* AppDelegate.swift */ = {isa = PBXFileReference; lastKnownFileType = sourcecode.swift; path = AppDelegate.swift; sourceTree = "<group>"; };
		8057E48E1FEE17F70010958C /* ViewController.swift */ = {isa = PBXFileReference; lastKnownFileType = sourcecode.swift; path = ViewController.swift; sourceTree = "<group>"; };
		8057E4911FEE17F70010958C /* Base */ = {isa = PBXFileReference; lastKnownFileType = file.storyboard; name = Base; path = Base.lproj/Main.storyboard; sourceTree = "<group>"; };
		8057E4931FEE17F70010958C /* Assets.xcassets */ = {isa = PBXFileReference; lastKnownFileType = folder.assetcatalog; path = Assets.xcassets; sourceTree = "<group>"; };
		8057E4961FEE17F70010958C /* Base */ = {isa = PBXFileReference; lastKnownFileType = file.storyboard; name = Base; path = Base.lproj/LaunchScreen.storyboard; sourceTree = "<group>"; };
		8057E4981FEE17F70010958C /* Info.plist */ = {isa = PBXFileReference; lastKnownFileType = text.plist.xml; path = Info.plist; sourceTree = "<group>"; };
		85987B670A87B6D949AB6703 /* Pods-Explore_Reactive_Programming.release.xcconfig */ = {isa = PBXFileReference; includeInIndex = 1; lastKnownFileType = text.xcconfig; name = "Pods-Explore_Reactive_Programming.release.xcconfig"; path = "Pods/Target Support Files/Pods-Explore_Reactive_Programming/Pods-Explore_Reactive_Programming.release.xcconfig"; sourceTree = "<group>"; };
		AFA17FE6387BEE459787E005 /* Pods-Explore_Reactive_Programming.debug.xcconfig */ = {isa = PBXFileReference; includeInIndex = 1; lastKnownFileType = text.xcconfig; name = "Pods-Explore_Reactive_Programming.debug.xcconfig"; path = "Pods/Target Support Files/Pods-Explore_Reactive_Programming/Pods-Explore_Reactive_Programming.debug.xcconfig"; sourceTree = "<group>"; };
/* End PBXFileReference section */

/* Begin PBXFrameworksBuildPhase section */
		8057E4861FEE17F70010958C /* Frameworks */ = {
			isa = PBXFrameworksBuildPhase;
			buildActionMask = 2147483647;
			files = (
				5D84DD26B41F060D97EF679D /* Pods_Explore_Reactive_Programming.framework in Frameworks */,
			);
			runOnlyForDeploymentPostprocessing = 0;
		};
/* End PBXFrameworksBuildPhase section */

/* Begin PBXGroup section */
		19CCFC5551338C5A7702D6A2 /* Frameworks */ = {
			isa = PBXGroup;
			children = (
				44B2D296B487B896765A2DFD /* Pods_Explore_Reactive_Programming.framework */,
			);
			name = Frameworks;
			sourceTree = "<group>";
		};
		8057E4801FEE17F70010958C = {
			isa = PBXGroup;
			children = (
				8057E48B1FEE17F70010958C /* Explore_Reactive_Programming */,
				8057E48A1FEE17F70010958C /* Products */,
				B1C59967D27DACF6C7322D70 /* Pods */,
				19CCFC5551338C5A7702D6A2 /* Frameworks */,
			);
			sourceTree = "<group>";
		};
		8057E48A1FEE17F70010958C /* Products */ = {
			isa = PBXGroup;
			children = (
				8057E4891FEE17F70010958C /* Explore_Reactive_Programming.app */,
			);
			name = Products;
			sourceTree = "<group>";
		};
		8057E48B1FEE17F70010958C /* Explore_Reactive_Programming */ = {
			isa = PBXGroup;
			children = (
				8057E48C1FEE17F70010958C /* AppDelegate.swift */,
				8057E48E1FEE17F70010958C /* ViewController.swift */,
				8057E4901FEE17F70010958C /* Main.storyboard */,
				8057E4931FEE17F70010958C /* Assets.xcassets */,
				8057E4951FEE17F70010958C /* LaunchScreen.storyboard */,
				8057E4981FEE17F70010958C /* Info.plist */,
			);
			path = Explore_Reactive_Programming;
			sourceTree = "<group>";
		};
		B1C59967D27DACF6C7322D70 /* Pods */ = {
			isa = PBXGroup;
			children = (
				AFA17FE6387BEE459787E005 /* Pods-Explore_Reactive_Programming.debug.xcconfig */,
				85987B670A87B6D949AB6703 /* Pods-Explore_Reactive_Programming.release.xcconfig */,
			);
			name = Pods;
			sourceTree = "<group>";
		};
/* End PBXGroup section */

/* Begin PBXNativeTarget section */
		8057E4881FEE17F70010958C /* Explore_Reactive_Programming */ = {
			isa = PBXNativeTarget;
			buildConfigurationList = 8057E49B1FEE17F70010958C /* Build configuration list for PBXNativeTarget "Explore_Reactive_Programming" */;
			buildPhases = (
				D072A13B145368B6FC84EC9D /* [CP] Check Pods Manifest.lock */,
				8057E4851FEE17F70010958C /* Sources */,
				8057E4861FEE17F70010958C /* Frameworks */,
				8057E4871FEE17F70010958C /* Resources */,
				4D783DA20442EBD14573B0F9 /* [CP] Embed Pods Frameworks */,
				64C6318C2A9454357AD56759 /* [CP] Copy Pods Resources */,
			);
			buildRules = (
			);
			dependencies = (
			);
			name = Explore_Reactive_Programming;
			productName = Explore_Reactive_Programming;
			productReference = 8057E4891FEE17F70010958C /* Explore_Reactive_Programming.app */;
			productType = "com.apple.product-type.application";
		};
/* End PBXNativeTarget section */

/* Begin PBXProject section */
		8057E4811FEE17F70010958C /* Project object */ = {
			isa = PBXProject;
			attributes = {
				LastSwiftUpdateCheck = 0920;
				LastUpgradeCheck = 0920;
				ORGANIZATIONNAME = "Ashis Laha";
				TargetAttributes = {
					8057E4881FEE17F70010958C = {
						CreatedOnToolsVersion = 9.2;
						ProvisioningStyle = Automatic;
					};
				};
			};
			buildConfigurationList = 8057E4841FEE17F70010958C /* Build configuration list for PBXProject "Explore_Reactive_Programming" */;
			compatibilityVersion = "Xcode 8.0";
			developmentRegion = en;
			hasScannedForEncodings = 0;
			knownRegions = (
				en,
				Base,
			);
			mainGroup = 8057E4801FEE17F70010958C;
			productRefGroup = 8057E48A1FEE17F70010958C /* Products */;
			projectDirPath = "";
			projectRoot = "";
			targets = (
				8057E4881FEE17F70010958C /* Explore_Reactive_Programming */,
			);
		};
/* End PBXProject section */

/* Begin PBXResourcesBuildPhase section */
		8057E4871FEE17F70010958C /* Resources */ = {
			isa = PBXResourcesBuildPhase;
			buildActionMask = 2147483647;
			files = (
				8057E4971FEE17F70010958C /* LaunchScreen.storyboard in Resources */,
				8057E4941FEE17F70010958C /* Assets.xcassets in Resources */,
				8057E4921FEE17F70010958C /* Main.storyboard in Resources */,
			);
			runOnlyForDeploymentPostprocessing = 0;
		};
/* End PBXResourcesBuildPhase section */

/* Begin PBXShellScriptBuildPhase section */
		4D783DA20442EBD14573B0F9 /* [CP] Embed Pods Frameworks */ = {
			isa = PBXShellScriptBuildPhase;
			buildActionMask = 2147483647;
			files = (
			);
			inputPaths = (
				"${SRCROOT}/Pods/Target Support Files/Pods-Explore_Reactive_Programming/Pods-Explore_Reactive_Programming-frameworks.sh",
				"${BUILT_PRODUCTS_DIR}/RxCocoa/RxCocoa.framework",
				"${BUILT_PRODUCTS_DIR}/RxSwift/RxSwift.framework",
			);
			name = "[CP] Embed Pods Frameworks";
			outputPaths = (
				"${TARGET_BUILD_DIR}/${FRAMEWORKS_FOLDER_PATH}/RxCocoa.framework",
				"${TARGET_BUILD_DIR}/${FRAMEWORKS_FOLDER_PATH}/RxSwift.framework",
			);
			runOnlyForDeploymentPostprocessing = 0;
			shellPath = /bin/sh;
			shellScript = "\"${SRCROOT}/Pods/Target Support Files/Pods-Explore_Reactive_Programming/Pods-Explore_Reactive_Programming-frameworks.sh\"\n";
			showEnvVarsInLog = 0;
		};
		64C6318C2A9454357AD56759 /* [CP] Copy Pods Resources */ = {
			isa = PBXShellScriptBuildPhase;
			buildActionMask = 2147483647;
			files = (
			);
			inputPaths = (
			);
			name = "[CP] Copy Pods Resources";
			outputPaths = (
			);
			runOnlyForDeploymentPostprocessing = 0;
			shellPath = /bin/sh;
			shellScript = "\"${SRCROOT}/Pods/Target Support Files/Pods-Explore_Reactive_Programming/Pods-Explore_Reactive_Programming-resources.sh\"\n";
			showEnvVarsInLog = 0;
		};
		D072A13B145368B6FC84EC9D /* [CP] Check Pods Manifest.lock */ = {
			isa = PBXShellScriptBuildPhase;
			buildActionMask = 2147483647;
			files = (
			);
			inputPaths = (
				"${PODS_PODFILE_DIR_PATH}/Podfile.lock",
				"${PODS_ROOT}/Manifest.lock",
			);
			name = "[CP] Check Pods Manifest.lock";
			outputPaths = (
				"$(DERIVED_FILE_DIR)/Pods-Explore_Reactive_Programming-checkManifestLockResult.txt",
			);
			runOnlyForDeploymentPostprocessing = 0;
			shellPath = /bin/sh;
			shellScript = "diff \"${PODS_PODFILE_DIR_PATH}/Podfile.lock\" \"${PODS_ROOT}/Manifest.lock\" > /dev/null\nif [ $? != 0 ] ; then\n    # print error to STDERR\n    echo \"error: The sandbox is not in sync with the Podfile.lock. Run 'pod install' or update your CocoaPods installation.\" >&2\n    exit 1\nfi\n# This output is used by Xcode 'outputs' to avoid re-running this script phase.\necho \"SUCCESS\" > \"${SCRIPT_OUTPUT_FILE_0}\"\n";
			showEnvVarsInLog = 0;
		};
/* End PBXShellScriptBuildPhase section */

/* Begin PBXSourcesBuildPhase section */
		8057E4851FEE17F70010958C /* Sources */ = {
			isa = PBXSourcesBuildPhase;
			buildActionMask = 2147483647;
			files = (
				8057E48F1FEE17F70010958C /* ViewController.swift in Sources */,
				8057E48D1FEE17F70010958C /* AppDelegate.swift in Sources */,
			);
			runOnlyForDeploymentPostprocessing = 0;
		};
/* End PBXSourcesBuildPhase section */

/* Begin PBXVariantGroup section */
		8057E4901FEE17F70010958C /* Main.storyboard */ = {
			isa = PBXVariantGroup;
			children = (
				8057E4911FEE17F70010958C /* Base */,
			);
			name = Main.storyboard;
			sourceTree = "<group>";
		};
		8057E4951FEE17F70010958C /* LaunchScreen.storyboard */ = {
			isa = PBXVariantGroup;
			children = (
				8057E4961FEE17F70010958C /* Base */,
			);
			name = LaunchScreen.storyboard;
			sourceTree = "<group>";
		};
/* End PBXVariantGroup section */

/* Begin XCBuildConfiguration section */
		8057E4991FEE17F70010958C /* Debug */ = {
			isa = XCBuildConfiguration;
			buildSettings = {
				ALWAYS_SEARCH_USER_PATHS = NO;
				CLANG_ANALYZER_NONNULL = YES;
				CLANG_ANALYZER_NUMBER_OBJECT_CONVERSION = YES_AGGRESSIVE;
				CLANG_CXX_LANGUAGE_STANDARD = "gnu++14";
				CLANG_CXX_LIBRARY = "libc++";
				CLANG_ENABLE_MODULES = YES;
				CLANG_ENABLE_OBJC_ARC = YES;
				CLANG_WARN_BLOCK_CAPTURE_AUTORELEASING = YES;
				CLANG_WARN_BOOL_CONVERSION = YES;
				CLANG_WARN_COMMA = YES;
				CLANG_WARN_CONSTANT_CONVERSION = YES;
				CLANG_WARN_DIRECT_OBJC_ISA_USAGE = YES_ERROR;
				CLANG_WARN_DOCUMENTATION_COMMENTS = YES;
				CLANG_WARN_EMPTY_BODY = YES;
				CLANG_WARN_ENUM_CONVERSION = YES;
				CLANG_WARN_INFINITE_RECURSION = YES;
				CLANG_WARN_INT_CONVERSION = YES;
				CLANG_WARN_NON_LITERAL_NULL_CONVERSION = YES;
				CLANG_WARN_OBJC_LITERAL_CONVERSION = YES;
				CLANG_WARN_OBJC_ROOT_CLASS = YES_ERROR;
				CLANG_WARN_RANGE_LOOP_ANALYSIS = YES;
				CLANG_WARN_STRICT_PROTOTYPES = YES;
				CLANG_WARN_SUSPICIOUS_MOVE = YES;
				CLANG_WARN_UNGUARDED_AVAILABILITY = YES_AGGRESSIVE;
				CLANG_WARN_UNREACHABLE_CODE = YES;
				CLANG_WARN__DUPLICATE_METHOD_MATCH = YES;
				CODE_SIGN_IDENTITY = "iPhone Developer";
				COPY_PHASE_STRIP = NO;
				DEBUG_INFORMATION_FORMAT = dwarf;
				ENABLE_STRICT_OBJC_MSGSEND = YES;
				ENABLE_TESTABILITY = YES;
				GCC_C_LANGUAGE_STANDARD = gnu11;
				GCC_DYNAMIC_NO_PIC = NO;
				GCC_NO_COMMON_BLOCKS = YES;
				GCC_OPTIMIZATION_LEVEL = 0;
				GCC_PREPROCESSOR_DEFINITIONS = (
					"DEBUG=1",
					"$(inherited)",
				);
				GCC_WARN_64_TO_32_BIT_CONVERSION = YES;
				GCC_WARN_ABOUT_RETURN_TYPE = YES_ERROR;
				GCC_WARN_UNDECLARED_SELECTOR = YES;
				GCC_WARN_UNINITIALIZED_AUTOS = YES_AGGRESSIVE;
				GCC_WARN_UNUSED_FUNCTION = YES;
				GCC_WARN_UNUSED_VARIABLE = YES;
				IPHONEOS_DEPLOYMENT_TARGET = 11.2;
				MTL_ENABLE_DEBUG_INFO = YES;
				ONLY_ACTIVE_ARCH = YES;
				SDKROOT = iphoneos;
				SWIFT_ACTIVE_COMPILATION_CONDITIONS = DEBUG;
				SWIFT_OPTIMIZATION_LEVEL = "-Onone";
			};
			name = Debug;
		};
		8057E49A1FEE17F70010958C /* Release */ = {
			isa = XCBuildConfiguration;
			buildSettings = {
				ALWAYS_SEARCH_USER_PATHS = NO;
				CLANG_ANALYZER_NONNULL = YES;
				CLANG_ANALYZER_NUMBER_OBJECT_CONVERSION = YES_AGGRESSIVE;
				CLANG_CXX_LANGUAGE_STANDARD = "gnu++14";
				CLANG_CXX_LIBRARY = "libc++";
				CLANG_ENABLE_MODULES = YES;
				CLANG_ENABLE_OBJC_ARC = YES;
				CLANG_WARN_BLOCK_CAPTURE_AUTORELEASING = YES;
				CLANG_WARN_BOOL_CONVERSION = YES;
				CLANG_WARN_COMMA = YES;
				CLANG_WARN_CONSTANT_CONVERSION = YES;
				CLANG_WARN_DIRECT_OBJC_ISA_USAGE = YES_ERROR;
				CLANG_WARN_DOCUMENTATION_COMMENTS = YES;
				CLANG_WARN_EMPTY_BODY = YES;
				CLANG_WARN_ENUM_CONVERSION = YES;
				CLANG_WARN_INFINITE_RECURSION = YES;
				CLANG_WARN_INT_CONVERSION = YES;
				CLANG_WARN_NON_LITERAL_NULL_CONVERSION = YES;
				CLANG_WARN_OBJC_LITERAL_CONVERSION = YES;
				CLANG_WARN_OBJC_ROOT_CLASS = YES_ERROR;
				CLANG_WARN_RANGE_LOOP_ANALYSIS = YES;
				CLANG_WARN_STRICT_PROTOTYPES = YES;
				CLANG_WARN_SUSPICIOUS_MOVE = YES;
				CLANG_WARN_UNGUARDED_AVAILABILITY = YES_AGGRESSIVE;
				CLANG_WARN_UNREACHABLE_CODE = YES;
				CLANG_WARN__DUPLICATE_METHOD_MATCH = YES;
				CODE_SIGN_IDENTITY = "iPhone Developer";
				COPY_PHASE_STRIP = NO;
				DEBUG_INFORMATION_FORMAT = "dwarf-with-dsym";
				ENABLE_NS_ASSERTIONS = NO;
				ENABLE_STRICT_OBJC_MSGSEND = YES;
				GCC_C_LANGUAGE_STANDARD = gnu11;
				GCC_NO_COMMON_BLOCKS = YES;
				GCC_WARN_64_TO_32_BIT_CONVERSION = YES;
				GCC_WARN_ABOUT_RETURN_TYPE = YES_ERROR;
				GCC_WARN_UNDECLARED_SELECTOR = YES;
				GCC_WARN_UNINITIALIZED_AUTOS = YES_AGGRESSIVE;
				GCC_WARN_UNUSED_FUNCTION = YES;
				GCC_WARN_UNUSED_VARIABLE = YES;
				IPHONEOS_DEPLOYMENT_TARGET = 11.2;
				MTL_ENABLE_DEBUG_INFO = NO;
				SDKROOT = iphoneos;
				SWIFT_OPTIMIZATION_LEVEL = "-Owholemodule";
				VALIDATE_PRODUCT = YES;
			};
			name = Release;
		};
		8057E49C1FEE17F70010958C /* Debug */ = {
			isa = XCBuildConfiguration;
			baseConfigurationReference = AFA17FE6387BEE459787E005 /* Pods-Explore_Reactive_Programming.debug.xcconfig */;
			buildSettings = {
				ASSETCATALOG_COMPILER_APPICON_NAME = AppIcon;
				CODE_SIGN_STYLE = Automatic;
				DEVELOPMENT_TEAM = 87F557PJ6U;
				INFOPLIST_FILE = Explore_Reactive_Programming/Info.plist;
				LD_RUNPATH_SEARCH_PATHS = "$(inherited) @executable_path/Frameworks";
				PRODUCT_BUNDLE_IDENTIFIER = "com.ashislaha.Explore-Reactive-Programming";
				PRODUCT_NAME = "$(TARGET_NAME)";
				SWIFT_VERSION = 4.0;
				TARGETED_DEVICE_FAMILY = "1,2";
			};
			name = Debug;
		};
		8057E49D1FEE17F70010958C /* Release */ = {
			isa = XCBuildConfiguration;
			baseConfigurationReference = 85987B670A87B6D949AB6703 /* Pods-Explore_Reactive_Programming.release.xcconfig */;
			buildSettings = {
				ASSETCATALOG_COMPILER_APPICON_NAME = AppIcon;
				CODE_SIGN_STYLE = Automatic;
				DEVELOPMENT_TEAM = 87F557PJ6U;
				INFOPLIST_FILE = Explore_Reactive_Programming/Info.plist;
				LD_RUNPATH_SEARCH_PATHS = "$(inherited) @executable_path/Frameworks";
				PRODUCT_BUNDLE_IDENTIFIER = "com.ashislaha.Explore-Reactive-Programming";
				PRODUCT_NAME = "$(TARGET_NAME)";
				SWIFT_VERSION = 4.0;
				TARGETED_DEVICE_FAMILY = "1,2";
			};
			name = Release;
		};
/* End XCBuildConfiguration section */

/* Begin XCConfigurationList section */
		8057E4841FEE17F70010958C /* Build configuration list for PBXProject "Explore_Reactive_Programming" */ = {
			isa = XCConfigurationList;
			buildConfigurations = (
				8057E4991FEE17F70010958C /* Debug */,
				8057E49A1FEE17F70010958C /* Release */,
			);
			defaultConfigurationIsVisible = 0;
			defaultConfigurationName = Release;
		};
		8057E49B1FEE17F70010958C /* Build configuration list for PBXNativeTarget "Explore_Reactive_Programming" */ = {
			isa = XCConfigurationList;
			buildConfigurations = (
				8057E49C1FEE17F70010958C /* Debug */,
				8057E49D1FEE17F70010958C /* Release */,
			);
			defaultConfigurationIsVisible = 0;
			defaultConfigurationName = Release;
		};
/* End XCConfigurationList section */
	};
	rootObject = 8057E4811FEE17F70010958C /* Project object */;
}
